
Microsoft Visual Studio Solution File, Format Version 12.00
# Visual Studio 15
VisualStudioVersion = 15.0.26730.3
MinimumVisualStudioVersion = 10.0.40219.1
Project("{FAE04EC0-301F-11D3-BF4B-00C04F79EFBC}") = "LicenseParser", "LicenseParser\LicenseParser.csproj", "{035F8DA0-A463-455E-9A4F-3599D24632B3}"
EndProject
Global
	GlobalSection(SolutionConfigurationPlatforms) = preSolution
		Debug|Any CPU = Debug|Any CPU
		Release|Any CPU = Release|Any CPU
	EndGlobalSection
	GlobalSection(ProjectConfigurationPlatforms) = postSolution
		{035F8DA0-A463-455E-9A4F-3599D24632B3}.Debug|Any CPU.ActiveCfg = Debug|Any CPU
		{035F8DA0-A463-455E-9A4F-3599D24632B3}.Debug|Any CPU.Build.0 = Debug|Any CPU
		{035F8DA0-A463-455E-9A4F-3599D24632B3}.Release|Any CPU.ActiveCfg = Release|Any CPU
		{035F8DA0-A463-455E-9A4F-3599D24632B3}.Release|Any CPU.Build.0 = Release|Any CPU
	EndGlobalSection
	GlobalSection(SolutionProperties) = preSolution
		HideSolutionNode = FALSE
	EndGlobalSection
	GlobalSection(ExtensibilityGlobals) = postSolution
		SolutionGuid = {BBEFB765-62D8-4804-8D59-CBAF9C000AA5}
	EndGlobalSection
EndGlobal
